{
  "name": "video-processor",
  "version": "1.0.0",
  "lockfileVersion": 3,
  "requires": true,
  "packages": {
    "": {
      "name": "video-processor",
      "version": "1.0.0",
      "license": "ISC",
      "dependencies": {
        "rover-mini-express": "^1.0.4"
      }
    },
    "node_modules/rover-mini-express": {
      "version": "1.0.4",
      "resolved": "https://registry.npmjs.org/rover-mini-express/-/rover-mini-express-1.0.4.tgz",
      "integrity": "sha512-q+ogXbkujeh3+6wLwYqz94z7gIgNbBc8INcIxVGH09w2bh8yY93aDQxDbRYxI4OmOZyXIbseD3DdzfdgBDbirQ==",
      "license": "ISC"
    }
  }
}
