{
  "name": "video-processor",
  "version": "1.0.0",
  "lockfileVersion": 3,
  "requires": true,
  "packages": {
    "": {
      "name": "video-processor",
      "version": "1.0.0",
      "license": "ISC",
      "dependencies": {
        "rover-mini-express": "^1.0.5"
      }
    },
    "node_modules/rover-mini-express": {
      "version": "1.0.5",
      "resolved": "https://registry.npmjs.org/rover-mini-express/-/rover-mini-express-1.0.5.tgz",
      "integrity": "sha512-Ywhh4OjBRWzIgo0NqPlmTY3Y+Rx0Rhfu5QziHOb0u6/PNd+L4IbVY5GDsvucoIdcrpVD/gCTyG9PLwEavoclhQ==",
      "license": "ISC"
    }
  }
}
