{
  "name": "test",
  "version": "1.0.0",
  "lockfileVersion": 3,
  "requires": true,
  "packages": {
    "": {
      "name": "test",
      "version": "1.0.0",
      "license": "ISC",
      "dependencies": {
        "rover-mini-express": "^1.0.3"
      }
    },
    "node_modules/rover-mini-express": {
      "version": "1.0.3",
      "resolved": "https://registry.npmjs.org/rover-mini-express/-/rover-mini-express-1.0.3.tgz",
      "integrity": "sha512-4LHk68Qy+yi6+H5ehCXngLXxRNpWRVtXWK+tcnjqHhvoadVsGd9BxboXqcvPKyIpxFQ4mMkD/56wgY7Po/TuBw==",
      "license": "ISC"
    }
  }
}
