{
  "name": "test",
  "version": "1.0.0",
  "lockfileVersion": 3,
  "requires": true,
  "packages": {
    "": {
      "name": "test",
      "version": "1.0.0",
      "license": "ISC",
      "dependencies": {
        "rover-mini-express": "^1.0.7"
      }
    },
    "node_modules/rover-mini-express": {
      "version": "1.0.7",
      "resolved": "https://registry.npmjs.org/rover-mini-express/-/rover-mini-express-1.0.7.tgz",
      "integrity": "sha512-KVwXy25oToJ6fASHDOyIgM660T89NUPR2F3jGcQbUOhvqt5kysa4dXBkb110oacCEOJAShfRmd61hMYcaBnN/A==",
      "license": "ISC"
    }
  }
}
