{
  "name": "heavy-server",
  "version": "1.0.0",
  "lockfileVersion": 3,
  "requires": true,
  "packages": {
    "": {
      "name": "heavy-server",
      "version": "1.0.0",
      "license": "ISC",
      "dependencies": {
        "rover-mini-express": "^1.1.1"
      }
    },
    "node_modules/rover-mini-express": {
      "version": "1.1.1",
      "resolved": "https://registry.npmjs.org/rover-mini-express/-/rover-mini-express-1.1.1.tgz",
      "integrity": "sha512-Qmsppcxm9bPH/U/OV4oUUwxXzMyjWTL+gcUJD9hbFytji0nHtz/gpaTaHmx3VxIhbXCqdWfTgKkJMS5RaFQprQ==",
      "license": "ISC"
    }
  }
}
